// !$*UTF8*$!
{
	archiveVersion = 1;
	classes = {
	};
	objectVersion = 56;
	objects = {

/* Begin PBXBuildFile section */
		2B797AA529D5855C0074CB5D /* AppDelegate.m in Sources */ = {isa = PBXBuildFile; fileRef = 2B797AA429D5855C0074CB5D /* AppDelegate.m */; };
		2B797AA829D5855C0074CB5D /* SceneDelegate.m in Sources */ = {isa = PBXBuildFile; fileRef = 2B797AA729D5855C0074CB5D /* SceneDelegate.m */; };
		2B797AAB29D5855C0074CB5D /* ViewController.m in Sources */ = {isa = PBXBuildFile; fileRef = 2B797AAA29D5855C0074CB5D /* ViewController.m */; };
		2B797AAE29D5855C0074CB5D /* Main.storyboard in Resources */ = {isa = PBXBuildFile; fileRef = 2B797AAC29D5855C0074CB5D /* Main.storyboard */; };
		2B797AB029D5855E0074CB5D /* Assets.xcassets in Resources */ = {isa = PBXBuildFile; fileRef = 2B797AAF29D5855E0074CB5D /* Assets.xcassets */; };
		2B797AB329D5855E0074CB5D /* LaunchScreen.storyboard in Resources */ = {isa = PBXBuildFile; fileRef = 2B797AB129D5855E0074CB5D /* LaunchScreen.storyboard */; };
		2B797AB629D5855E0074CB5D /* main.m in Sources */ = {isa = PBXBuildFile; fileRef = 2B797AB529D5855E0074CB5D /* main.m */; };
		2B797AC029D5855E0074CB5D /* lab4Tests.m in Sources */ = {isa = PBXBuildFile; fileRef = 2B797ABF29D5855E0074CB5D /* lab4Tests.m */; };
		2B797ACA29D5855F0074CB5D /* lab4UITests.m in Sources */ = {isa = PBXBuildFile; fileRef = 2B797AC929D5855F0074CB5D /* lab4UITests.m */; };
		2B797ACC29D5855F0074CB5D /* lab4UITestsLaunchTests.m in Sources */ = {isa = PBXBuildFile; fileRef = 2B797ACB29D5855F0074CB5D /* lab4UITestsLaunchTests.m */; };
		2B797ADA29D587160074CB5D /* ListObject.m in Sources */ = {isa = PBXBuildFile; fileRef = 2B797AD929D587160074CB5D /* ListObject.m */; };
		436C9B7DC731925214F1B4BD /* Pods_lab4Tests.framework in Frameworks */ = {isa = PBXBuildFile; fileRef = B4A95D51EBB29808E0519020 /* Pods_lab4Tests.framework */; };
		96B513B5996FE08BFEBF05E5 /* Pods_lab4.framework in Frameworks */ = {isa = PBXBuildFile; fileRef = 9135F8D1C222FE430B90B780 /* Pods_lab4.framework */; };
		A698756C68EC2B740DD2C942 /* Pods_lab4_lab4UITests.framework in Frameworks */ = {isa = PBXBuildFile; fileRef = 6CA651ABCC11FCF12454D5F6 /* Pods_lab4_lab4UITests.framework */; };
/* End PBXBuildFile section */

/* Begin PBXContainerItemProxy section */
		2B797ABC29D5855E0074CB5D /* PBXContainerItemProxy */ = {
			isa = PBXContainerItemProxy;
			containerPortal = 2B797A9829D5855C0074CB5D /* Project object */;
			proxyType = 1;
			remoteGlobalIDString = 2B797A9F29D5855C0074CB5D;
			remoteInfo = lab4;
		};
		2B797AC629D5855F0074CB5D /* PBXContainerItemProxy */ = {
			isa = PBXContainerItemProxy;
			containerPortal = 2B797A9829D5855C0074CB5D /* Project object */;
			proxyType = 1;
			remoteGlobalIDString = 2B797A9F29D5855C0074CB5D;
			remoteInfo = lab4;
		};
/* End PBXContainerItemProxy section */

/* Begin PBXFileReference section */
		01EA60D5BF70DE46E3A55378 /* Pods-lab4.release.xcconfig */ = {isa = PBXFileReference; includeInIndex = 1; lastKnownFileType = text.xcconfig; name = "Pods-lab4.release.xcconfig"; path = "Target Support Files/Pods-lab4/Pods-lab4.release.xcconfig"; sourceTree = "<group>"; };
		2B797AA029D5855C0074CB5D /* lab4.app */ = {isa = PBXFileReference; explicitFileType = wrapper.application; includeInIndex = 0; path = lab4.app; sourceTree = BUILT_PRODUCTS_DIR; };
		2B797AA329D5855C0074CB5D /* AppDelegate.h */ = {isa = PBXFileReference; lastKnownFileType = sourcecode.c.h; path = AppDelegate.h; sourceTree = "<group>"; };
		2B797AA429D5855C0074CB5D /* AppDelegate.m */ = {isa = PBXFileReference; lastKnownFileType = sourcecode.c.objc; path = AppDelegate.m; sourceTree = "<group>"; };
		2B797AA629D5855C0074CB5D /* SceneDelegate.h */ = {isa = PBXFileReference; lastKnownFileType = sourcecode.c.h; path = SceneDelegate.h; sourceTree = "<group>"; };
		2B797AA729D5855C0074CB5D /* SceneDelegate.m */ = {isa = PBXFileReference; lastKnownFileType = sourcecode.c.objc; path = SceneDelegate.m; sourceTree = "<group>"; };
		2B797AA929D5855C0074CB5D /* ViewController.h */ = {isa = PBXFileReference; lastKnownFileType = sourcecode.c.h; path = ViewController.h; sourceTree = "<group>"; };
		2B797AAA29D5855C0074CB5D /* ViewController.m */ = {isa = PBXFileReference; lastKnownFileType = sourcecode.c.objc; path = ViewController.m; sourceTree = "<group>"; };
		2B797AAD29D5855C0074CB5D /* Base */ = {isa = PBXFileReference; lastKnownFileType = file.storyboard; name = Base; path = Base.lproj/Main.storyboard; sourceTree = "<group>"; };
		2B797AAF29D5855E0074CB5D /* Assets.xcassets */ = {isa = PBXFileReference; lastKnownFileType = folder.assetcatalog; path = Assets.xcassets; sourceTree = "<group>"; };
		2B797AB229D5855E0074CB5D /* Base */ = {isa = PBXFileReference; lastKnownFileType = file.storyboard; name = Base; path = Base.lproj/LaunchScreen.storyboard; sourceTree = "<group>"; };
		2B797AB429D5855E0074CB5D /* Info.plist */ = {isa = PBXFileReference; lastKnownFileType = text.plist.xml; path = Info.plist; sourceTree = "<group>"; };
		2B797AB529D5855E0074CB5D /* main.m */ = {isa = PBXFileReference; lastKnownFileType = sourcecode.c.objc; path = main.m; sourceTree = "<group>"; };
		2B797ABB29D5855E0074CB5D /* lab4Tests.xctest */ = {isa = PBXFileReference; explicitFileType = wrapper.cfbundle; includeInIndex = 0; path = lab4Tests.xctest; sourceTree = BUILT_PRODUCTS_DIR; };
		2B797ABF29D5855E0074CB5D /* lab4Tests.m */ = {isa = PBXFileReference; lastKnownFileType = sourcecode.c.objc; path = lab4Tests.m; sourceTree = "<group>"; };
		2B797AC529D5855F0074CB5D /* lab4UITests.xctest */ = {isa = PBXFileReference; explicitFileType = wrapper.cfbundle; includeInIndex = 0; path = lab4UITests.xctest; sourceTree = BUILT_PRODUCTS_DIR; };
		2B797AC929D5855F0074CB5D /* lab4UITests.m */ = {isa = PBXFileReference; lastKnownFileType = sourcecode.c.objc; path = lab4UITests.m; sourceTree = "<group>"; };
		2B797ACB29D5855F0074CB5D /* lab4UITestsLaunchTests.m */ = {isa = PBXFileReference; lastKnownFileType = sourcecode.c.objc; path = lab4UITestsLaunchTests.m; sourceTree = "<group>"; };
		2B797AD829D586750074CB5D /* ListObject.h */ = {isa = PBXFileReference; lastKnownFileType = sourcecode.c.h; path = ListObject.h; sourceTree = "<group>"; };
		2B797AD929D587160074CB5D /* ListObject.m */ = {isa = PBXFileReference; lastKnownFileType = sourcecode.c.objc; path = ListObject.m; sourceTree = "<group>"; };
		30EC4677DC10BA0D8C13657B /* Pods-lab4.debug.xcconfig */ = {isa = PBXFileReference; includeInIndex = 1; lastKnownFileType = text.xcconfig; name = "Pods-lab4.debug.xcconfig"; path = "Target Support Files/Pods-lab4/Pods-lab4.debug.xcconfig"; sourceTree = "<group>"; };
		4EF6FD3A38D8E912F8F03A6C /* Pods-lab4Tests.release.xcconfig */ = {isa = PBXFileReference; includeInIndex = 1; lastKnownFileType = text.xcconfig; name = "Pods-lab4Tests.release.xcconfig"; path = "Target Support Files/Pods-lab4Tests/Pods-lab4Tests.release.xcconfig"; sourceTree = "<group>"; };
		6CA651ABCC11FCF12454D5F6 /* Pods_lab4_lab4UITests.framework */ = {isa = PBXFileReference; explicitFileType = wrapper.framework; includeInIndex = 0; path = Pods_lab4_lab4UITests.framework; sourceTree = BUILT_PRODUCTS_DIR; };
		9135F8D1C222FE430B90B780 /* Pods_lab4.framework */ = {isa = PBXFileReference; explicitFileType = wrapper.framework; includeInIndex = 0; path = Pods_lab4.framework; sourceTree = BUILT_PRODUCTS_DIR; };
		AFFD5F365149D4B83A3B3D4A /* Pods-lab4-lab4UITests.release.xcconfig */ = {isa = PBXFileReference; includeInIndex = 1; lastKnownFileType = text.xcconfig; name = "Pods-lab4-lab4UITests.release.xcconfig"; path = "Target Support Files/Pods-lab4-lab4UITests/Pods-lab4-lab4UITests.release.xcconfig"; sourceTree = "<group>"; };
		B466B32C2DB4455C97CA676A /* Pods-lab4-lab4UITests.debug.xcconfig */ = {isa = PBXFileReference; includeInIndex = 1; lastKnownFileType = text.xcconfig; name = "Pods-lab4-lab4UITests.debug.xcconfig"; path = "Target Support Files/Pods-lab4-lab4UITests/Pods-lab4-lab4UITests.debug.xcconfig"; sourceTree = "<group>"; };
		B4A95D51EBB29808E0519020 /* Pods_lab4Tests.framework */ = {isa = PBXFileReference; explicitFileType = wrapper.framework; includeInIndex = 0; path = Pods_lab4Tests.framework; sourceTree = BUILT_PRODUCTS_DIR; };
		FF70E1EC7302AAD45206AEB9 /* Pods-lab4Tests.debug.xcconfig */ = {isa = PBXFileReference; includeInIndex = 1; lastKnownFileType = text.xcconfig; name = "Pods-lab4Tests.debug.xcconfig"; path = "Target Support Files/Pods-lab4Tests/Pods-lab4Tests.debug.xcconfig"; sourceTree = "<group>"; };
/* End PBXFileReference section */

/* Begin PBXFrameworksBuildPhase section */
		2B797A9D29D5855C0074CB5D /* Frameworks */ = {
			isa = PBXFrameworksBuildPhase;
			buildActionMask = 2147483647;
			files = (
				96B513B5996FE08BFEBF05E5 /* Pods_lab4.framework in Frameworks */,
			);
			runOnlyForDeploymentPostprocessing = 0;
		};
		2B797AB829D5855E0074CB5D /* Frameworks */ = {
			isa = PBXFrameworksBuildPhase;
			buildActionMask = 2147483647;
			files = (
				436C9B7DC731925214F1B4BD /* Pods_lab4Tests.framework in Frameworks */,
			);
			runOnlyForDeploymentPostprocessing = 0;
		};
		2B797AC229D5855F0074CB5D /* Frameworks */ = {
			isa = PBXFrameworksBuildPhase;
			buildActionMask = 2147483647;
			files = (
				A698756C68EC2B740DD2C942 /* Pods_lab4_lab4UITests.framework in Frameworks */,
			);
			runOnlyForDeploymentPostprocessing = 0;
		};
/* End PBXFrameworksBuildPhase section */

/* Begin PBXGroup section */
		2B797A9729D5855C0074CB5D = {
			isa = PBXGroup;
			children = (
				2B797AA229D5855C0074CB5D /* lab4 */,
				2B797ABE29D5855E0074CB5D /* lab4Tests */,
				2B797AC829D5855F0074CB5D /* lab4UITests */,
				2B797AA129D5855C0074CB5D /* Products */,
				9807C581A141892C4A601F50 /* Pods */,
				6CF85BF46327B0C25DF25388 /* Frameworks */,
			);
			sourceTree = "<group>";
		};
		2B797AA129D5855C0074CB5D /* Products */ = {
			isa = PBXGroup;
			children = (
				2B797AA029D5855C0074CB5D /* lab4.app */,
				2B797ABB29D5855E0074CB5D /* lab4Tests.xctest */,
				2B797AC529D5855F0074CB5D /* lab4UITests.xctest */,
			);
			name = Products;
			sourceTree = "<group>";
		};
		2B797AA229D5855C0074CB5D /* lab4 */ = {
			isa = PBXGroup;
			children = (
				2B797AA329D5855C0074CB5D /* AppDelegate.h */,
				2B797AA429D5855C0074CB5D /* AppDelegate.m */,
				2B797AA629D5855C0074CB5D /* SceneDelegate.h */,
				2B797AA729D5855C0074CB5D /* SceneDelegate.m */,
				2B797AA929D5855C0074CB5D /* ViewController.h */,
				2B797AAA29D5855C0074CB5D /* ViewController.m */,
				2B797AAC29D5855C0074CB5D /* Main.storyboard */,
				2B797AAF29D5855E0074CB5D /* Assets.xcassets */,
				2B797AB129D5855E0074CB5D /* LaunchScreen.storyboard */,
				2B797AB429D5855E0074CB5D /* Info.plist */,
				2B797AB529D5855E0074CB5D /* main.m */,
				2B797AD829D586750074CB5D /* ListObject.h */,
				2B797AD929D587160074CB5D /* ListObject.m */,
			);
			path = lab4;
			sourceTree = "<group>";
		};
		2B797ABE29D5855E0074CB5D /* lab4Tests */ = {
			isa = PBXGroup;
			children = (
				2B797ABF29D5855E0074CB5D /* lab4Tests.m */,
			);
			path = lab4Tests;
			sourceTree = "<group>";
		};
		2B797AC829D5855F0074CB5D /* lab4UITests */ = {
			isa = PBXGroup;
			children = (
				2B797AC929D5855F0074CB5D /* lab4UITests.m */,
				2B797ACB29D5855F0074CB5D /* lab4UITestsLaunchTests.m */,
			);
			path = lab4UITests;
			sourceTree = "<group>";
		};
		6CF85BF46327B0C25DF25388 /* Frameworks */ = {
			isa = PBXGroup;
			children = (
				9135F8D1C222FE430B90B780 /* Pods_lab4.framework */,
				6CA651ABCC11FCF12454D5F6 /* Pods_lab4_lab4UITests.framework */,
				B4A95D51EBB29808E0519020 /* Pods_lab4Tests.framework */,
			);
			name = Frameworks;
			sourceTree = "<group>";
		};
		9807C581A141892C4A601F50 /* Pods */ = {
			isa = PBXGroup;
			children = (
				30EC4677DC10BA0D8C13657B /* Pods-lab4.debug.xcconfig */,
				01EA60D5BF70DE46E3A55378 /* Pods-lab4.release.xcconfig */,
				B466B32C2DB4455C97CA676A /* Pods-lab4-lab4UITests.debug.xcconfig */,
				AFFD5F365149D4B83A3B3D4A /* Pods-lab4-lab4UITests.release.xcconfig */,
				FF70E1EC7302AAD45206AEB9 /* Pods-lab4Tests.debug.xcconfig */,
				4EF6FD3A38D8E912F8F03A6C /* Pods-lab4Tests.release.xcconfig */,
			);
			name = Pods;
			path = Pods;
			sourceTree = "<group>";
		};
/* End PBXGroup section */

/* Begin PBXNativeTarget section */
		2B797A9F29D5855C0074CB5D /* lab4 */ = {
			isa = PBXNativeTarget;
			buildConfigurationList = 2B797ACF29D5855F0074CB5D /* Build configuration list for PBXNativeTarget "lab4" */;
			buildPhases = (
				DAA8469536432ACB3B068A14 /* [CP] Check Pods Manifest.lock */,
				2B797A9C29D5855C0074CB5D /* Sources */,
				2B797A9D29D5855C0074CB5D /* Frameworks */,
				2B797A9E29D5855C0074CB5D /* Resources */,
				06EFEAF842B6C0ED6323EE6B /* [CP] Embed Pods Frameworks */,
			);
			buildRules = (
			);
			dependencies = (
			);
			name = lab4;
			productName = lab4;
			productReference = 2B797AA029D5855C0074CB5D /* lab4.app */;
			productType = "com.apple.product-type.application";
		};
		2B797ABA29D5855E0074CB5D /* lab4Tests */ = {
			isa = PBXNativeTarget;
			buildConfigurationList = 2B797AD229D5855F0074CB5D /* Build configuration list for PBXNativeTarget "lab4Tests" */;
			buildPhases = (
				851174266E686987CB0B2A65 /* [CP] Check Pods Manifest.lock */,
				2B797AB729D5855E0074CB5D /* Sources */,
				2B797AB829D5855E0074CB5D /* Frameworks */,
				2B797AB929D5855E0074CB5D /* Resources */,
			);
			buildRules = (
			);
			dependencies = (
				2B797ABD29D5855E0074CB5D /* PBXTargetDependency */,
			);
			name = lab4Tests;
			productName = lab4Tests;
			productReference = 2B797ABB29D5855E0074CB5D /* lab4Tests.xctest */;
			productType = "com.apple.product-type.bundle.unit-test";
		};
		2B797AC429D5855F0074CB5D /* lab4UITests */ = {
			isa = PBXNativeTarget;
			buildConfigurationList = 2B797AD529D5855F0074CB5D /* Build configuration list for PBXNativeTarget "lab4UITests" */;
			buildPhases = (
				2DD4E922D710D7BF7F308AEF /* [CP] Check Pods Manifest.lock */,
				2B797AC129D5855F0074CB5D /* Sources */,
				2B797AC229D5855F0074CB5D /* Frameworks */,
				2B797AC329D5855F0074CB5D /* Resources */,
				C9EA91EB95FF979E517367E0 /* [CP] Embed Pods Frameworks */,
			);
			buildRules = (
			);
			dependencies = (
				2B797AC729D5855F0074CB5D /* PBXTargetDependency */,
			);
			name = lab4UITests;
			productName = lab4UITests;
			productReference = 2B797AC529D5855F0074CB5D /* lab4UITests.xctest */;
			productType = "com.apple.product-type.bundle.ui-testing";
		};
/* End PBXNativeTarget section */

/* Begin PBXProject section */
		2B797A9829D5855C0074CB5D /* Project object */ = {
			isa = PBXProject;
			attributes = {
				BuildIndependentTargetsInParallel = 1;
				LastUpgradeCheck = 1410;
				TargetAttributes = {
					2B797A9F29D5855C0074CB5D = {
						CreatedOnToolsVersion = 14.1;
					};
					2B797ABA29D5855E0074CB5D = {
						CreatedOnToolsVersion = 14.1;
						TestTargetID = 2B797A9F29D5855C0074CB5D;
					};
					2B797AC429D5855F0074CB5D = {
						CreatedOnToolsVersion = 14.1;
						TestTargetID = 2B797A9F29D5855C0074CB5D;
					};
				};
			};
			buildConfigurationList = 2B797A9B29D5855C0074CB5D /* Build configuration list for PBXProject "lab4" */;
			compatibilityVersion = "Xcode 14.0";
			developmentRegion = en;
			hasScannedForEncodings = 0;
			knownRegions = (
				en,
				Base,
			);
			mainGroup = 2B797A9729D5855C0074CB5D;
			productRefGroup = 2B797AA129D5855C0074CB5D /* Products */;
			projectDirPath = "";
			projectRoot = "";
			targets = (
				2B797A9F29D5855C0074CB5D /* lab4 */,
				2B797ABA29D5855E0074CB5D /* lab4Tests */,
				2B797AC429D5855F0074CB5D /* lab4UITests */,
			);
		};
/* End PBXProject section */

/* Begin PBXResourcesBuildPhase section */
		2B797A9E29D5855C0074CB5D /* Resources */ = {
			isa = PBXResourcesBuildPhase;
			buildActionMask = 2147483647;
			files = (
				2B797AB329D5855E0074CB5D /* LaunchScreen.storyboard in Resources */,
				2B797AB029D5855E0074CB5D /* Assets.xcassets in Resources */,
				2B797AAE29D5855C0074CB5D /* Main.storyboard in Resources */,
			);
			runOnlyForDeploymentPostprocessing = 0;
		};
		2B797AB929D5855E0074CB5D /* Resources */ = {
			isa = PBXResourcesBuildPhase;
			buildActionMask = 2147483647;
			files = (
			);
			runOnlyForDeploymentPostprocessing = 0;
		};
		2B797AC329D5855F0074CB5D /* Resources */ = {
			isa = PBXResourcesBuildPhase;
			buildActionMask = 2147483647;
			files = (
			);
			runOnlyForDeploymentPostprocessing = 0;
		};
/* End PBXResourcesBuildPhase section */

/* Begin PBXShellScriptBuildPhase section */
		06EFEAF842B6C0ED6323EE6B /* [CP] Embed Pods Frameworks */ = {
			isa = PBXShellScriptBuildPhase;
			buildActionMask = 2147483647;
			files = (
			);
			inputFileListPaths = (
				"${PODS_ROOT}/Target Support Files/Pods-lab4/Pods-lab4-frameworks-${CONFIGURATION}-input-files.xcfilelist",
			);
			name = "[CP] Embed Pods Frameworks";
			outputFileListPaths = (
				"${PODS_ROOT}/Target Support Files/Pods-lab4/Pods-lab4-frameworks-${CONFIGURATION}-output-files.xcfilelist",
			);
			runOnlyForDeploymentPostprocessing = 0;
			shellPath = /bin/sh;
			shellScript = "\"${PODS_ROOT}/Target Support Files/Pods-lab4/Pods-lab4-frameworks.sh\"\n";
			showEnvVarsInLog = 0;
		};
		2DD4E922D710D7BF7F308AEF /* [CP] Check Pods Manifest.lock */ = {
			isa = PBXShellScriptBuildPhase;
			buildActionMask = 2147483647;
			files = (
			);
			inputFileListPaths = (
			);
			inputPaths = (
				"${PODS_PODFILE_DIR_PATH}/Podfile.lock",
				"${PODS_ROOT}/Manifest.lock",
			);
			name = "[CP] Check Pods Manifest.lock";
			outputFileListPaths = (
			);
			outputPaths = (
				"$(DERIVED_FILE_DIR)/Pods-lab4-lab4UITests-checkManifestLockResult.txt",
			);
			runOnlyForDeploymentPostprocessing = 0;
			shellPath = /bin/sh;
			shellScript = "diff \"${PODS_PODFILE_DIR_PATH}/Podfile.lock\" \"${PODS_ROOT}/Manifest.lock\" > /dev/null\nif [ $? != 0 ] ; then\n    # print error to STDERR\n    echo \"error: The sandbox is not in sync with the Podfile.lock. Run 'pod install' or update your CocoaPods installation.\" >&2\n    exit 1\nfi\n# This output is used by Xcode 'outputs' to avoid re-running this script phase.\necho \"SUCCESS\" > \"${SCRIPT_OUTPUT_FILE_0}\"\n";
			showEnvVarsInLog = 0;
		};
		851174266E686987CB0B2A65 /* [CP] Check Pods Manifest.lock */ = {
			isa = PBXShellScriptBuildPhase;
			buildActionMask = 2147483647;
			files = (
			);
			inputFileListPaths = (
			);
			inputPaths = (
				"${PODS_PODFILE_DIR_PATH}/Podfile.lock",
				"${PODS_ROOT}/Manifest.lock",
			);
			name = "[CP] Check Pods Manifest.lock";
			outputFileListPaths = (
			);
			outputPaths = (
				"$(DERIVED_FILE_DIR)/Pods-lab4Tests-checkManifestLockResult.txt",
			);
			runOnlyForDeploymentPostprocessing = 0;
			shellPath = /bin/sh;
			shellScript = "diff \"${PODS_PODFILE_DIR_PATH}/Podfile.lock\" \"${PODS_ROOT}/Manifest.lock\" > /dev/null\nif [ $? != 0 ] ; then\n    # print error to STDERR\n    echo \"error: The sandbox is not in sync with the Podfile.lock. Run 'pod install' or update your CocoaPods installation.\" >&2\n    exit 1\nfi\n# This output is used by Xcode 'outputs' to avoid re-running this script phase.\necho \"SUCCESS\" > \"${SCRIPT_OUTPUT_FILE_0}\"\n";
			showEnvVarsInLog = 0;
		};
		C9EA91EB95FF979E517367E0 /* [CP] Embed Pods Frameworks */ = {
			isa = PBXShellScriptBuildPhase;
			buildActionMask = 2147483647;
			files = (
			);
			inputFileListPaths = (
				"${PODS_ROOT}/Target Support Files/Pods-lab4-lab4UITests/Pods-lab4-lab4UITests-frameworks-${CONFIGURATION}-input-files.xcfilelist",
			);
			name = "[CP] Embed Pods Frameworks";
			outputFileListPaths = (
				"${PODS_ROOT}/Target Support Files/Pods-lab4-lab4UITests/Pods-lab4-lab4UITests-frameworks-${CONFIGURATION}-output-files.xcfilelist",
			);
			runOnlyForDeploymentPostprocessing = 0;
			shellPath = /bin/sh;
			shellScript = "\"${PODS_ROOT}/Target Support Files/Pods-lab4-lab4UITests/Pods-lab4-lab4UITests-frameworks.sh\"\n";
			showEnvVarsInLog = 0;
		};
		DAA8469536432ACB3B068A14 /* [CP] Check Pods Manifest.lock */ = {
			isa = PBXShellScriptBuildPhase;
			buildActionMask = 2147483647;
			files = (
			);
			inputFileListPaths = (
			);
			inputPaths = (
				"${PODS_PODFILE_DIR_PATH}/Podfile.lock",
				"${PODS_ROOT}/Manifest.lock",
			);
			name = "[CP] Check Pods Manifest.lock";
			outputFileListPaths = (
			);
			outputPaths = (
				"$(DERIVED_FILE_DIR)/Pods-lab4-checkManifestLockResult.txt",
			);
			runOnlyForDeploymentPostprocessing = 0;
			shellPath = /bin/sh;
			shellScript = "diff \"${PODS_PODFILE_DIR_PATH}/Podfile.lock\" \"${PODS_ROOT}/Manifest.lock\" > /dev/null\nif [ $? != 0 ] ; then\n    # print error to STDERR\n    echo \"error: The sandbox is not in sync with the Podfile.lock. Run 'pod install' or update your CocoaPods installation.\" >&2\n    exit 1\nfi\n# This output is used by Xcode 'outputs' to avoid re-running this script phase.\necho \"SUCCESS\" > \"${SCRIPT_OUTPUT_FILE_0}\"\n";
			showEnvVarsInLog = 0;
		};
/* End PBXShellScriptBuildPhase section */

/* Begin PBXSourcesBuildPhase section */
		2B797A9C29D5855C0074CB5D /* Sources */ = {
			isa = PBXSourcesBuildPhase;
			buildActionMask = 2147483647;
			files = (
				2B797AAB29D5855C0074CB5D /* ViewController.m in Sources */,
				2B797AA529D5855C0074CB5D /* AppDelegate.m in Sources */,
				2B797AB629D5855E0074CB5D /* main.m in Sources */,
				2B797ADA29D587160074CB5D /* ListObject.m in Sources */,
				2B797AA829D5855C0074CB5D /* SceneDelegate.m in Sources */,
			);
			runOnlyForDeploymentPostprocessing = 0;
		};
		2B797AB729D5855E0074CB5D /* Sources */ = {
			isa = PBXSourcesBuildPhase;
			buildActionMask = 2147483647;
			files = (
				2B797AC029D5855E0074CB5D /* lab4Tests.m in Sources */,
			);
			runOnlyForDeploymentPostprocessing = 0;
		};
		2B797AC129D5855F0074CB5D /* Sources */ = {
			isa = PBXSourcesBuildPhase;
			buildActionMask = 2147483647;
			files = (
				2B797ACA29D5855F0074CB5D /* lab4UITests.m in Sources */,
				2B797ACC29D5855F0074CB5D /* lab4UITestsLaunchTests.m in Sources */,
			);
			runOnlyForDeploymentPostprocessing = 0;
		};
/* End PBXSourcesBuildPhase section */

/* Begin PBXTargetDependency section */
		2B797ABD29D5855E0074CB5D /* PBXTargetDependency */ = {
			isa = PBXTargetDependency;
			target = 2B797A9F29D5855C0074CB5D /* lab4 */;
			targetProxy = 2B797ABC29D5855E0074CB5D /* PBXContainerItemProxy */;
		};
		2B797AC729D5855F0074CB5D /* PBXTargetDependency */ = {
			isa = PBXTargetDependency;
			target = 2B797A9F29D5855C0074CB5D /* lab4 */;
			targetProxy = 2B797AC629D5855F0074CB5D /* PBXContainerItemProxy */;
		};
/* End PBXTargetDependency section */

/* Begin PBXVariantGroup section */
		2B797AAC29D5855C0074CB5D /* Main.storyboard */ = {
			isa = PBXVariantGroup;
			children = (
				2B797AAD29D5855C0074CB5D /* Base */,
			);
			name = Main.storyboard;
			sourceTree = "<group>";
		};
		2B797AB129D5855E0074CB5D /* LaunchScreen.storyboard */ = {
			isa = PBXVariantGroup;
			children = (
				2B797AB229D5855E0074CB5D /* Base */,
			);
			name = LaunchScreen.storyboard;
			sourceTree = "<group>";
		};
/* End PBXVariantGroup section */

/* Begin XCBuildConfiguration section */
		2B797ACD29D5855F0074CB5D /* Debug */ = {
			isa = XCBuildConfiguration;
			buildSettings = {
				ALWAYS_SEARCH_USER_PATHS = NO;
				CLANG_ANALYZER_NONNULL = YES;
				CLANG_ANALYZER_NUMBER_OBJECT_CONVERSION = YES_AGGRESSIVE;
				CLANG_CXX_LANGUAGE_STANDARD = "gnu++20";
				CLANG_ENABLE_MODULES = YES;
				CLANG_ENABLE_OBJC_ARC = YES;
				CLANG_ENABLE_OBJC_WEAK = YES;
				CLANG_WARN_BLOCK_CAPTURE_AUTORELEASING = YES;
				CLANG_WARN_BOOL_CONVERSION = YES;
				CLANG_WARN_COMMA = YES;
				CLANG_WARN_CONSTANT_CONVERSION = YES;
				CLANG_WARN_DEPRECATED_OBJC_IMPLEMENTATIONS = YES;
				CLANG_WARN_DIRECT_OBJC_ISA_USAGE = YES_ERROR;
				CLANG_WARN_DOCUMENTATION_COMMENTS = YES;
				CLANG_WARN_EMPTY_BODY = YES;
				CLANG_WARN_ENUM_CONVERSION = YES;
				CLANG_WARN_INFINITE_RECURSION = YES;
				CLANG_WARN_INT_CONVERSION = YES;
				CLANG_WARN_NON_LITERAL_NULL_CONVERSION = YES;
				CLANG_WARN_OBJC_IMPLICIT_RETAIN_SELF = YES;
				CLANG_WARN_OBJC_LITERAL_CONVERSION = YES;
				CLANG_WARN_OBJC_ROOT_CLASS = YES_ERROR;
				CLANG_WARN_QUOTED_INCLUDE_IN_FRAMEWORK_HEADER = YES;
				CLANG_WARN_RANGE_LOOP_ANALYSIS = YES;
				CLANG_WARN_STRICT_PROTOTYPES = YES;
				CLANG_WARN_SUSPICIOUS_MOVE = YES;
				CLANG_WARN_UNGUARDED_AVAILABILITY = YES_AGGRESSIVE;
				CLANG_WARN_UNREACHABLE_CODE = YES;
				CLANG_WARN__DUPLICATE_METHOD_MATCH = YES;
				COPY_PHASE_STRIP = NO;
				DEBUG_INFORMATION_FORMAT = dwarf;
				ENABLE_STRICT_OBJC_MSGSEND = YES;
				ENABLE_TESTABILITY = YES;
				GCC_C_LANGUAGE_STANDARD = gnu11;
				GCC_DYNAMIC_NO_PIC = NO;
				GCC_NO_COMMON_BLOCKS = YES;
				GCC_OPTIMIZATION_LEVEL = 0;
				GCC_PREPROCESSOR_DEFINITIONS = (
					"DEBUG=1",
					"$(inherited)",
				);
				GCC_WARN_64_TO_32_BIT_CONVERSION = YES;
				GCC_WARN_ABOUT_RETURN_TYPE = YES_ERROR;
				GCC_WARN_UNDECLARED_SELECTOR = YES;
				GCC_WARN_UNINITIALIZED_AUTOS = YES_AGGRESSIVE;
				GCC_WARN_UNUSED_FUNCTION = YES;
				GCC_WARN_UNUSED_VARIABLE = YES;
				IPHONEOS_DEPLOYMENT_TARGET = 16.1;
				MTL_ENABLE_DEBUG_INFO = INCLUDE_SOURCE;
				MTL_FAST_MATH = YES;
				ONLY_ACTIVE_ARCH = YES;
				SDKROOT = iphoneos;
			};
			name = Debug;
		};
		2B797ACE29D5855F0074CB5D /* Release */ = {
			isa = XCBuildConfiguration;
			buildSettings = {
				ALWAYS_SEARCH_USER_PATHS = NO;
				CLANG_ANALYZER_NONNULL = YES;
				CLANG_ANALYZER_NUMBER_OBJECT_CONVERSION = YES_AGGRESSIVE;
				CLANG_CXX_LANGUAGE_STANDARD = "gnu++20";
				CLANG_ENABLE_MODULES = YES;
				CLANG_ENABLE_OBJC_ARC = YES;
				CLANG_ENABLE_OBJC_WEAK = YES;
				CLANG_WARN_BLOCK_CAPTURE_AUTORELEASING = YES;
				CLANG_WARN_BOOL_CONVERSION = YES;
				CLANG_WARN_COMMA = YES;
				CLANG_WARN_CONSTANT_CONVERSION = YES;
				CLANG_WARN_DEPRECATED_OBJC_IMPLEMENTATIONS = YES;
				CLANG_WARN_DIRECT_OBJC_ISA_USAGE = YES_ERROR;
				CLANG_WARN_DOCUMENTATION_COMMENTS = YES;
				CLANG_WARN_EMPTY_BODY = YES;
				CLANG_WARN_ENUM_CONVERSION = YES;
				CLANG_WARN_INFINITE_RECURSION = YES;
				CLANG_WARN_INT_CONVERSION = YES;
				CLANG_WARN_NON_LITERAL_NULL_CONVERSION = YES;
				CLANG_WARN_OBJC_IMPLICIT_RETAIN_SELF = YES;
				CLANG_WARN_OBJC_LITERAL_CONVERSION = YES;
				CLANG_WARN_OBJC_ROOT_CLASS = YES_ERROR;
				CLANG_WARN_QUOTED_INCLUDE_IN_FRAMEWORK_HEADER = YES;
				CLANG_WARN_RANGE_LOOP_ANALYSIS = YES;
				CLANG_WARN_STRICT_PROTOTYPES = YES;
				CLANG_WARN_SUSPICIOUS_MOVE = YES;
				CLANG_WARN_UNGUARDED_AVAILABILITY = YES_AGGRESSIVE;
				CLANG_WARN_UNREACHABLE_CODE = YES;
				CLANG_WARN__DUPLICATE_METHOD_MATCH = YES;
				COPY_PHASE_STRIP = NO;
				DEBUG_INFORMATION_FORMAT = "dwarf-with-dsym";
				ENABLE_NS_ASSERTIONS = NO;
				ENABLE_STRICT_OBJC_MSGSEND = YES;
				GCC_C_LANGUAGE_STANDARD = gnu11;
				GCC_NO_COMMON_BLOCKS = YES;
				GCC_WARN_64_TO_32_BIT_CONVERSION = YES;
				GCC_WARN_ABOUT_RETURN_TYPE = YES_ERROR;
				GCC_WARN_UNDECLARED_SELECTOR = YES;
				GCC_WARN_UNINITIALIZED_AUTOS = YES_AGGRESSIVE;
				GCC_WARN_UNUSED_FUNCTION = YES;
				GCC_WARN_UNUSED_VARIABLE = YES;
				IPHONEOS_DEPLOYMENT_TARGET = 16.1;
				MTL_ENABLE_DEBUG_INFO = NO;
				MTL_FAST_MATH = YES;
				SDKROOT = iphoneos;
				VALIDATE_PRODUCT = YES;
			};
			name = Release;
		};
		2B797AD029D5855F0074CB5D /* Debug */ = {
			isa = XCBuildConfiguration;
			baseConfigurationReference = 30EC4677DC10BA0D8C13657B /* Pods-lab4.debug.xcconfig */;
			buildSettings = {
				ASSETCATALOG_COMPILER_APPICON_NAME = AppIcon;
				ASSETCATALOG_COMPILER_GLOBAL_ACCENT_COLOR_NAME = AccentColor;
				CODE_SIGN_STYLE = Automatic;
				CURRENT_PROJECT_VERSION = 1;
				GENERATE_INFOPLIST_FILE = YES;
				INFOPLIST_FILE = lab4/Info.plist;
				INFOPLIST_KEY_UIApplicationSupportsIndirectInputEvents = YES;
				INFOPLIST_KEY_UILaunchStoryboardName = LaunchScreen;
				INFOPLIST_KEY_UIMainStoryboardFile = Main;
				INFOPLIST_KEY_UISupportedInterfaceOrientations_iPad = "UIInterfaceOrientationPortrait UIInterfaceOrientationPortraitUpsideDown UIInterfaceOrientationLandscapeLeft UIInterfaceOrientationLandscapeRight";
				INFOPLIST_KEY_UISupportedInterfaceOrientations_iPhone = "UIInterfaceOrientationPortrait UIInterfaceOrientationLandscapeLeft UIInterfaceOrientationLandscapeRight";
				LD_RUNPATH_SEARCH_PATHS = (
					"$(inherited)",
					"@executable_path/Frameworks",
				);
				MARKETING_VERSION = 1.0;
				PRODUCT_BUNDLE_IDENTIFIER = com.fansqz.com.lab4;
				PRODUCT_NAME = "$(TARGET_NAME)";
				SWIFT_EMIT_LOC_STRINGS = YES;
				TARGETED_DEVICE_FAMILY = "1,2";
			};
			name = Debug;
		};
		2B797AD129D5855F0074CB5D /* Release */ = {
			isa = XCBuildConfiguration;
			baseConfigurationReference = 01EA60D5BF70DE46E3A55378 /* Pods-lab4.release.xcconfig */;
			buildSettings = {
				ASSETCATALOG_COMPILER_APPICON_NAME = AppIcon;
				ASSETCATALOG_COMPILER_GLOBAL_ACCENT_COLOR_NAME = AccentColor;
				CODE_SIGN_STYLE = Automatic;
				CURRENT_PROJECT_VERSION = 1;
				GENERATE_INFOPLIST_FILE = YES;
				INFOPLIST_FILE = lab4/Info.plist;
				INFOPLIST_KEY_UIApplicationSupportsIndirectInputEvents = YES;
				INFOPLIST_KEY_UILaunchStoryboardName = LaunchScreen;
				INFOPLIST_KEY_UIMainStoryboardFile = Main;
				INFOPLIST_KEY_UISupportedInterfaceOrientations_iPad = "UIInterfaceOrientationPortrait UIInterfaceOrientationPortraitUpsideDown UIInterfaceOrientationLandscapeLeft UIInterfaceOrientationLandscapeRight";
				INFOPLIST_KEY_UISupportedInterfaceOrientations_iPhone = "UIInterfaceOrientationPortrait UIInterfaceOrientationLandscapeLeft UIInterfaceOrientationLandscapeRight";
				LD_RUNPATH_SEARCH_PATHS = (
					"$(inherited)",
					"@executable_path/Frameworks",
				);
				MARKETING_VERSION = 1.0;
				PRODUCT_BUNDLE_IDENTIFIER = com.fansqz.com.lab4;
				PRODUCT_NAME = "$(TARGET_NAME)";
				SWIFT_EMIT_LOC_STRINGS = YES;
				TARGETED_DEVICE_FAMILY = "1,2";
			};
			name = Release;
		};
		2B797AD329D5855F0074CB5D /* Debug */ = {
			isa = XCBuildConfiguration;
			baseConfigurationReference = FF70E1EC7302AAD45206AEB9 /* Pods-lab4Tests.debug.xcconfig */;
			buildSettings = {
				BUNDLE_LOADER = "$(TEST_HOST)";
				CODE_SIGN_STYLE = Automatic;
				CURRENT_PROJECT_VERSION = 1;
				GENERATE_INFOPLIST_FILE = YES;
				IPHONEOS_DEPLOYMENT_TARGET = 16.1;
				MARKETING_VERSION = 1.0;
				PRODUCT_BUNDLE_IDENTIFIER = com.fansqz.com.lab4Tests;
				PRODUCT_NAME = "$(TARGET_NAME)";
				SWIFT_EMIT_LOC_STRINGS = NO;
				TARGETED_DEVICE_FAMILY = "1,2";
				TEST_HOST = "$(BUILT_PRODUCTS_DIR)/lab4.app/$(BUNDLE_EXECUTABLE_FOLDER_PATH)/lab4";
			};
			name = Debug;
		};
		2B797AD429D5855F0074CB5D /* Release */ = {
			isa = XCBuildConfiguration;
			baseConfigurationReference = 4EF6FD3A38D8E912F8F03A6C /* Pods-lab4Tests.release.xcconfig */;
			buildSettings = {
				BUNDLE_LOADER = "$(TEST_HOST)";
				CODE_SIGN_STYLE = Automatic;
				CURRENT_PROJECT_VERSION = 1;
				GENERATE_INFOPLIST_FILE = YES;
				IPHONEOS_DEPLOYMENT_TARGET = 16.1;
				MARKETING_VERSION = 1.0;
				PRODUCT_BUNDLE_IDENTIFIER = com.fansqz.com.lab4Tests;
				PRODUCT_NAME = "$(TARGET_NAME)";
				SWIFT_EMIT_LOC_STRINGS = NO;
				TARGETED_DEVICE_FAMILY = "1,2";
				TEST_HOST = "$(BUILT_PRODUCTS_DIR)/lab4.app/$(BUNDLE_EXECUTABLE_FOLDER_PATH)/lab4";
			};
			name = Release;
		};
		2B797AD629D5855F0074CB5D /* Debug */ = {
			isa = XCBuildConfiguration;
			baseConfigurationReference = B466B32C2DB4455C97CA676A /* Pods-lab4-lab4UITests.debug.xcconfig */;
			buildSettings = {
				CODE_SIGN_STYLE = Automatic;
				CURRENT_PROJECT_VERSION = 1;
				GENERATE_INFOPLIST_FILE = YES;
				MARKETING_VERSION = 1.0;
				PRODUCT_BUNDLE_IDENTIFIER = com.fansqz.com.lab4UITests;
				PRODUCT_NAME = "$(TARGET_NAME)";
				SWIFT_EMIT_LOC_STRINGS = NO;
				TARGETED_DEVICE_FAMILY = "1,2";
				TEST_TARGET_NAME = lab4;
			};
			name = Debug;
		};
		2B797AD729D5855F0074CB5D /* Release */ = {
			isa = XCBuildConfiguration;
			baseConfigurationReference = AFFD5F365149D4B83A3B3D4A /* Pods-lab4-lab4UITests.release.xcconfig */;
			buildSettings = {
				CODE_SIGN_STYLE = Automatic;
				CURRENT_PROJECT_VERSION = 1;
				GENERATE_INFOPLIST_FILE = YES;
				MARKETING_VERSION = 1.0;
				PRODUCT_BUNDLE_IDENTIFIER = com.fansqz.com.lab4UITests;
				PRODUCT_NAME = "$(TARGET_NAME)";
				SWIFT_EMIT_LOC_STRINGS = NO;
				TARGETED_DEVICE_FAMILY = "1,2";
				TEST_TARGET_NAME = lab4;
			};
			name = Release;
		};
/* End XCBuildConfiguration section */

/* Begin XCConfigurationList section */
		2B797A9B29D5855C0074CB5D /* Build configuration list for PBXProject "lab4" */ = {
			isa = XCConfigurationList;
			buildConfigurations = (
				2B797ACD29D5855F0074CB5D /* Debug */,
				2B797ACE29D5855F0074CB5D /* Release */,
			);
			defaultConfigurationIsVisible = 0;
			defaultConfigurationName = Release;
		};
		2B797ACF29D5855F0074CB5D /* Build configuration list for PBXNativeTarget "lab4" */ = {
			isa = XCConfigurationList;
			buildConfigurations = (
				2B797AD029D5855F0074CB5D /* Debug */,
				2B797AD129D5855F0074CB5D /* Release */,
			);
			defaultConfigurationIsVisible = 0;
			defaultConfigurationName = Release;
		};
		2B797AD229D5855F0074CB5D /* Build configuration list for PBXNativeTarget "lab4Tests" */ = {
			isa = XCConfigurationList;
			buildConfigurations = (
				2B797AD329D5855F0074CB5D /* Debug */,
				2B797AD429D5855F0074CB5D /* Release */,
			);
			defaultConfigurationIsVisible = 0;
			defaultConfigurationName = Release;
		};
		2B797AD529D5855F0074CB5D /* Build configuration list for PBXNativeTarget "lab4UITests" */ = {
			isa = XCConfigurationList;
			buildConfigurations = (
				2B797AD629D5855F0074CB5D /* Debug */,
				2B797AD729D5855F0074CB5D /* Release */,
			);
			defaultConfigurationIsVisible = 0;
			defaultConfigurationName = Release;
		};
/* End XCConfigurationList section */
	};
	rootObject = 2B797A9829D5855C0074CB5D /* Project object */;
}
